
Microsoft Visual Studio Solution File, Format Version 12.00
# Visual Studio Version 16
VisualStudioVersion = 16.0.31025.218
MinimumVisualStudioVersion = 10.0.40219.1
Project("{FAE04EC0-301F-11D3-BF4B-00C04F79EFBC}") = "HappyCoding.ArraysLists.Cmd", "HappyCoding.ArraysLists.Cmd\HappyCoding.ArraysLists.Cmd.csproj", "{CE632F03-074F-4CDB-BAFA-CB56858B3E3C}"
EndProject
Global
	GlobalSection(SolutionConfigurationPlatforms) = preSolution
		Debug|Any CPU = Debug|Any CPU
		Release|Any CPU = Release|Any CPU
	EndGlobalSection
	GlobalSection(ProjectConfigurationPlatforms) = postSolution
		{CE632F03-074F-4CDB-BAFA-CB56858B3E3C}.Debug|Any CPU.ActiveCfg = Debug|Any CPU
		{CE632F03-074F-4CDB-BAFA-CB56858B3E3C}.Debug|Any CPU.Build.0 = Debug|Any CPU
		{CE632F03-074F-4CDB-BAFA-CB56858B3E3C}.Release|Any CPU.ActiveCfg = Release|Any CPU
		{CE632F03-074F-4CDB-BAFA-CB56858B3E3C}.Release|Any CPU.Build.0 = Release|Any CPU
	EndGlobalSection
	GlobalSection(SolutionProperties) = preSolution
		HideSolutionNode = FALSE
	EndGlobalSection
	GlobalSection(ExtensibilityGlobals) = postSolution
		SolutionGuid = {2878F0E7-6F57-4385-9D92-8FD92DCF3123}
	EndGlobalSection
EndGlobal
